// !$*UTF8*$!
{
	archiveVersion = 1;
	classes = {
	};
	objectVersion = 77;
	objects = {

/* Begin PBXBuildFile section */
		0349917B2D3CAEBE004FDDAC /* FirebaseAuth in Frameworks */ = {isa = PBXBuildFile; productRef = 0349917A2D3CAEBE004FDDAC /* FirebaseAuth */; };
		0349917D2D3CAEBE004FDDAC /* FirebaseFirestore in Frameworks */ = {isa = PBXBuildFile; productRef = 0349917C2D3CAEBE004FDDAC /* FirebaseFirestore */; };
		0349943B2D547EF8004FDDAC /* Lexend-VariableFont_wght.ttf in Resources */ = {isa = PBXBuildFile; fileRef = 034993F52D547EF8004FDDAC /* Lexend-VariableFont_wght.ttf */; };
		0349943C2D547EF8004FDDAC /* Preview Assets.xcassets in Resources */ = {isa = PBXBuildFile; fileRef = 034993F72D547EF8004FDDAC /* Preview Assets.xcassets */; };
		0349943D2D547EF8004FDDAC /* Assets.xcassets in Resources */ = {isa = PBXBuildFile; fileRef = 034994362D547EF8004FDDAC /* Assets.xcassets */; };
		0349943E2D547EF8004FDDAC /* GoogleService-Info.plist in Resources */ = {isa = PBXBuildFile; fileRef = 034994372D547EF8004FDDAC /* GoogleService-Info.plist */; };
		034994402D547EF8004FDDAC /* AccountView.swift in Sources */ = {isa = PBXBuildFile; fileRef = 034993F92D547EF8004FDDAC /* AccountView.swift */; };
		034994412D547EF8004FDDAC /* AccountViewBilling.swift in Sources */ = {isa = PBXBuildFile; fileRef = 034993FA2D547EF8004FDDAC /* AccountViewBilling.swift */; };
		034994422D547EF8004FDDAC /* AccountViewBillingViewModel.swift in Sources */ = {isa = PBXBuildFile; fileRef = 034993FB2D547EF8004FDDAC /* AccountViewBillingViewModel.swift */; };
		034994432D547EF8004FDDAC /* AccountViewInformation.swift in Sources */ = {isa = PBXBuildFile; fileRef = 034993FC2D547EF8004FDDAC /* AccountViewInformation.swift */; };
		034994442D547EF8004FDDAC /* AccountViewInformationViewModel.swift in Sources */ = {isa = PBXBuildFile; fileRef = 034993FD2D547EF8004FDDAC /* AccountViewInformationViewModel.swift */; };
		034994452D547EF8004FDDAC /* AdminView.swift in Sources */ = {isa = PBXBuildFile; fileRef = 034993FF2D547EF8004FDDAC /* AdminView.swift */; };
		034994462D547EF8004FDDAC /* ArbitrageTicketSubView.swift in Sources */ = {isa = PBXBuildFile; fileRef = 034994002D547EF8004FDDAC /* ArbitrageTicketSubView.swift */; };
		034994472D547EF8004FDDAC /* TicketSubView.swift in Sources */ = {isa = PBXBuildFile; fileRef = 034994012D547EF8004FDDAC /* TicketSubView.swift */; };
		034994482D547EF8004FDDAC /* ArbitrageView.swift in Sources */ = {isa = PBXBuildFile; fileRef = 034994032D547EF8004FDDAC /* ArbitrageView.swift */; };
		034994492D547EF8004FDDAC /* ArbitrageViewModel.swift in Sources */ = {isa = PBXBuildFile; fileRef = 034994042D547EF8004FDDAC /* ArbitrageViewModel.swift */; };
		0349944A2D547EF8004FDDAC /* HomeView.swift in Sources */ = {isa = PBXBuildFile; fileRef = 034994062D547EF8004FDDAC /* HomeView.swift */; };
		0349944B2D547EF8004FDDAC /* HomeViewModel.swift in Sources */ = {isa = PBXBuildFile; fileRef = 034994072D547EF8004FDDAC /* HomeViewModel.swift */; };
		0349944C2D547EF8004FDDAC /* NewsView.swift in Sources */ = {isa = PBXBuildFile; fileRef = 034994082D547EF8004FDDAC /* NewsView.swift */; };
		0349944D2D547EF8004FDDAC /* PreviousPicksView.swift in Sources */ = {isa = PBXBuildFile; fileRef = 034994092D547EF8004FDDAC /* PreviousPicksView.swift */; };
		0349944E2D547EF8004FDDAC /* ComingSoonView.swift in Sources */ = {isa = PBXBuildFile; fileRef = 0349940B2D547EF8004FDDAC /* ComingSoonView.swift */; };
		0349944F2D547EF8004FDDAC /* LoadingView.swift in Sources */ = {isa = PBXBuildFile; fileRef = 0349940C2D547EF8004FDDAC /* LoadingView.swift */; };
		034994502D547EF8004FDDAC /* PicksView.swift in Sources */ = {isa = PBXBuildFile; fileRef = 0349940E2D547EF8004FDDAC /* PicksView.swift */; };
		034994512D547EF8004FDDAC /* PicksViewModel.swift in Sources */ = {isa = PBXBuildFile; fileRef = 0349940F2D547EF8004FDDAC /* PicksViewModel.swift */; };
		034994522D547EF8004FDDAC /* LoginSheetView.swift in Sources */ = {isa = PBXBuildFile; fileRef = 034994112D547EF8004FDDAC /* LoginSheetView.swift */; };
		034994532D547EF8004FDDAC /* RegisterSheetView.swift in Sources */ = {isa = PBXBuildFile; fileRef = 034994122D547EF8004FDDAC /* RegisterSheetView.swift */; };
		034994542D547EF8004FDDAC /* SignInView.swift in Sources */ = {isa = PBXBuildFile; fileRef = 034994142D547EF8004FDDAC /* SignInView.swift */; };
		034994552D547EF8004FDDAC /* SignInViewViewModel.swift in Sources */ = {isa = PBXBuildFile; fileRef = 034994152D547EF8004FDDAC /* SignInViewViewModel.swift */; };
		034994562D547EF8004FDDAC /* PickitView.swift in Sources */ = {isa = PBXBuildFile; fileRef = 034994172D547EF8004FDDAC /* PickitView.swift */; };
		034994572D547EF8004FDDAC /* PickitViewViewModel.swift in Sources */ = {isa = PBXBuildFile; fileRef = 034994182D547EF8004FDDAC /* PickitViewViewModel.swift */; };
		034994582D547EF8004FDDAC /* EXTDictionary.swift in Sources */ = {isa = PBXBuildFile; fileRef = 0349941A2D547EF8004FDDAC /* EXTDictionary.swift */; };
		034994592D547EF8004FDDAC /* EXTPlaceholder.swift in Sources */ = {isa = PBXBuildFile; fileRef = 0349941B2D547EF8004FDDAC /* EXTPlaceholder.swift */; };
		0349945A2D547EF8004FDDAC /* Alert.swift in Sources */ = {isa = PBXBuildFile; fileRef = 0349941D2D547EF8004FDDAC /* Alert.swift */; };
		0349945B2D547EF8004FDDAC /* PickitError.swift in Sources */ = {isa = PBXBuildFile; fileRef = 0349941E2D547EF8004FDDAC /* PickitError.swift */; };
		0349945C2D547EF8004FDDAC /* Ticket.swift in Sources */ = {isa = PBXBuildFile; fileRef = 0349941F2D547EF8004FDDAC /* Ticket.swift */; };
		0349945D2D547EF8004FDDAC /* User.swift in Sources */ = {isa = PBXBuildFile; fileRef = 034994202D547EF8004FDDAC /* User.swift */; };
		0349945E2D547EF8004FDDAC /* BackgroundView.swift in Sources */ = {isa = PBXBuildFile; fileRef = 034994222D547EF8004FDDAC /* BackgroundView.swift */; };
		0349945F2D547EF8004FDDAC /* BackgroundViewBilling.swift in Sources */ = {isa = PBXBuildFile; fileRef = 034994232D547EF8004FDDAC /* BackgroundViewBilling.swift */; };
		034994602D547EF8004FDDAC /* AnimatedButton.swift in Sources */ = {isa = PBXBuildFile; fileRef = 034994252D547EF8004FDDAC /* AnimatedButton.swift */; };
		034994612D547EF8004FDDAC /* NavButton.swift in Sources */ = {isa = PBXBuildFile; fileRef = 034994262D547EF8004FDDAC /* NavButton.swift */; };
		034994622D547EF8004FDDAC /* FormDisplayView.swift in Sources */ = {isa = PBXBuildFile; fileRef = 034994282D547EF8004FDDAC /* FormDisplayView.swift */; };
		034994632D547EF8004FDDAC /* FormEntryView.swift in Sources */ = {isa = PBXBuildFile; fileRef = 034994292D547EF8004FDDAC /* FormEntryView.swift */; };
		034994642D547EF8004FDDAC /* TicketEntryView.swift in Sources */ = {isa = PBXBuildFile; fileRef = 0349942A2D547EF8004FDDAC /* TicketEntryView.swift */; };
		034994652D547EF8004FDDAC /* HeaderView1Section.swift in Sources */ = {isa = PBXBuildFile; fileRef = 0349942C2D547EF8004FDDAC /* HeaderView1Section.swift */; };
		034994662D547EF8004FDDAC /* HeaderView2Section.swift in Sources */ = {isa = PBXBuildFile; fileRef = 0349942D2D547EF8004FDDAC /* HeaderView2Section.swift */; };
		034994672D547EF8004FDDAC /* ArbitrageTicketView.swift in Sources */ = {isa = PBXBuildFile; fileRef = 0349942F2D547EF8004FDDAC /* ArbitrageTicketView.swift */; };
		034994682D547EF8004FDDAC /* TicketView.swift in Sources */ = {isa = PBXBuildFile; fileRef = 034994302D547EF8004FDDAC /* TicketView.swift */; };
		034994692D547EF8004FDDAC /* DatePicker.swift in Sources */ = {isa = PBXBuildFile; fileRef = 034994322D547EF8004FDDAC /* DatePicker.swift */; };
		0349946A2D547EF8004FDDAC /* NavbarView.swift in Sources */ = {isa = PBXBuildFile; fileRef = 034994342D547EF8004FDDAC /* NavbarView.swift */; };
		0349946B2D547EF8004FDDAC /* PickitApp.swift in Sources */ = {isa = PBXBuildFile; fileRef = 034994392D547EF8004FDDAC /* PickitApp.swift */; };
		0349946D2D54823E004FDDAC /* AdminViewViewModel.swift in Sources */ = {isa = PBXBuildFile; fileRef = 0349946C2D54823E004FDDAC /* AdminViewViewModel.swift */; };
		0349946F2D548252004FDDAC /* ArbitrageTicketSubViewViewModel.swift in Sources */ = {isa = PBXBuildFile; fileRef = 0349946E2D548252004FDDAC /* ArbitrageTicketSubViewViewModel.swift */; };
		038DD33B2D59AC19007E4C9A /* TOS.md in Resources */ = {isa = PBXBuildFile; fileRef = 038DD33A2D59AC19007E4C9A /* TOS.md */; };
		038DD33D2D59C349007E4C9A /* PrivacyPolicy.md in Resources */ = {isa = PBXBuildFile; fileRef = 038DD33C2D59C349007E4C9A /* PrivacyPolicy.md */; };
		038DD33F2D59C5AB007E4C9A /* FileReader.swift in Sources */ = {isa = PBXBuildFile; fileRef = 038DD33E2D59C5AB007E4C9A /* FileReader.swift */; };
		0393A25B2D644F6000BECF29 /* SubscribeView.swift in Sources */ = {isa = PBXBuildFile; fileRef = 0393A25A2D644F6000BECF29 /* SubscribeView.swift */; };
		039C81E72D5488570038E3E6 /* IdGenerator.swift in Sources */ = {isa = PBXBuildFile; fileRef = 039C81E62D5488570038E3E6 /* IdGenerator.swift */; };
		039C81EA2D551E5A0038E3E6 /* TicketSubViewViewModel.swift in Sources */ = {isa = PBXBuildFile; fileRef = 039C81E92D551E5A0038E3E6 /* TicketSubViewViewModel.swift */; };
		039F10EE2D56A3D600038F70 /* PreviousPicksViewViewModel.swift in Sources */ = {isa = PBXBuildFile; fileRef = 039F10ED2D56A3D600038F70 /* PreviousPicksViewViewModel.swift */; };
		039F10F32D57005E00038F70 /* AccountViewViewModel.swift in Sources */ = {isa = PBXBuildFile; fileRef = 039F10F22D57005E00038F70 /* AccountViewViewModel.swift */; };
		039F10F52D57058300038F70 /* PremiumReqView.swift in Sources */ = {isa = PBXBuildFile; fileRef = 039F10F42D57058300038F70 /* PremiumReqView.swift */; };
		039F10FC2D5719A700038F70 /* TOSSheetView.swift in Sources */ = {isa = PBXBuildFile; fileRef = 039F10FB2D5719A700038F70 /* TOSSheetView.swift */; };
		039F10FE2D5719B400038F70 /* PrivacyPolicySheetView.swift in Sources */ = {isa = PBXBuildFile; fileRef = 039F10FD2D5719B400038F70 /* PrivacyPolicySheetView.swift */; };
		039F11002D59988F00038F70 /* HeaderViewViewModel.swift in Sources */ = {isa = PBXBuildFile; fileRef = 039F10FF2D59988F00038F70 /* HeaderViewViewModel.swift */; };
		03F58FA12D73EB0000C758E7 /* ToggleStyle.swift in Sources */ = {isa = PBXBuildFile; fileRef = 03F58FA02D73EB0000C758E7 /* ToggleStyle.swift */; };
/* End PBXBuildFile section */

/* Begin PBXContainerItemProxy section */
		03C697E72CFF95A30010E0EE /* PBXContainerItemProxy */ = {
			isa = PBXContainerItemProxy;
			containerPortal = 03C697CE2CFF95A20010E0EE /* Project object */;
			proxyType = 1;
			remoteGlobalIDString = 03C697D52CFF95A20010E0EE;
			remoteInfo = Pickit;
		};
		03C697F12CFF95A30010E0EE /* PBXContainerItemProxy */ = {
			isa = PBXContainerItemProxy;
			containerPortal = 03C697CE2CFF95A20010E0EE /* Project object */;
			proxyType = 1;
			remoteGlobalIDString = 03C697D52CFF95A20010E0EE;
			remoteInfo = Pickit;
		};
/* End PBXContainerItemProxy section */

/* Begin PBXFileReference section */
		034993F52D547EF8004FDDAC /* Lexend-VariableFont_wght.ttf */ = {isa = PBXFileReference; lastKnownFileType = file; path = "Lexend-VariableFont_wght.ttf"; sourceTree = "<group>"; };
		034993F72D547EF8004FDDAC /* Preview Assets.xcassets */ = {isa = PBXFileReference; lastKnownFileType = folder.assetcatalog; path = "Preview Assets.xcassets"; sourceTree = "<group>"; };
		034993F92D547EF8004FDDAC /* AccountView.swift */ = {isa = PBXFileReference; lastKnownFileType = sourcecode.swift; path = AccountView.swift; sourceTree = "<group>"; };
		034993FA2D547EF8004FDDAC /* AccountViewBilling.swift */ = {isa = PBXFileReference; lastKnownFileType = sourcecode.swift; path = AccountViewBilling.swift; sourceTree = "<group>"; };
		034993FB2D547EF8004FDDAC /* AccountViewBillingViewModel.swift */ = {isa = PBXFileReference; lastKnownFileType = sourcecode.swift; path = AccountViewBillingViewModel.swift; sourceTree = "<group>"; };
		034993FC2D547EF8004FDDAC /* AccountViewInformation.swift */ = {isa = PBXFileReference; lastKnownFileType = sourcecode.swift; path = AccountViewInformation.swift; sourceTree = "<group>"; };
		034993FD2D547EF8004FDDAC /* AccountViewInformationViewModel.swift */ = {isa = PBXFileReference; lastKnownFileType = sourcecode.swift; path = AccountViewInformationViewModel.swift; sourceTree = "<group>"; };
		034993FF2D547EF8004FDDAC /* AdminView.swift */ = {isa = PBXFileReference; lastKnownFileType = sourcecode.swift; path = AdminView.swift; sourceTree = "<group>"; };
		034994002D547EF8004FDDAC /* ArbitrageTicketSubView.swift */ = {isa = PBXFileReference; lastKnownFileType = sourcecode.swift; path = ArbitrageTicketSubView.swift; sourceTree = "<group>"; };
		034994012D547EF8004FDDAC /* TicketSubView.swift */ = {isa = PBXFileReference; lastKnownFileType = sourcecode.swift; path = TicketSubView.swift; sourceTree = "<group>"; };
		034994032D547EF8004FDDAC /* ArbitrageView.swift */ = {isa = PBXFileReference; lastKnownFileType = sourcecode.swift; path = ArbitrageView.swift; sourceTree = "<group>"; };
		034994042D547EF8004FDDAC /* ArbitrageViewModel.swift */ = {isa = PBXFileReference; lastKnownFileType = sourcecode.swift; path = ArbitrageViewModel.swift; sourceTree = "<group>"; };
		034994062D547EF8004FDDAC /* HomeView.swift */ = {isa = PBXFileReference; lastKnownFileType = sourcecode.swift; path = HomeView.swift; sourceTree = "<group>"; };
		034994072D547EF8004FDDAC /* HomeViewModel.swift */ = {isa = PBXFileReference; lastKnownFileType = sourcecode.swift; path = HomeViewModel.swift; sourceTree = "<group>"; };
		034994082D547EF8004FDDAC /* NewsView.swift */ = {isa = PBXFileReference; lastKnownFileType = sourcecode.swift; path = NewsView.swift; sourceTree = "<group>"; };
		034994092D547EF8004FDDAC /* PreviousPicksView.swift */ = {isa = PBXFileReference; lastKnownFileType = sourcecode.swift; path = PreviousPicksView.swift; sourceTree = "<group>"; };
		0349940B2D547EF8004FDDAC /* ComingSoonView.swift */ = {isa = PBXFileReference; lastKnownFileType = sourcecode.swift; path = ComingSoonView.swift; sourceTree = "<group>"; };
		0349940C2D547EF8004FDDAC /* LoadingView.swift */ = {isa = PBXFileReference; lastKnownFileType = sourcecode.swift; path = LoadingView.swift; sourceTree = "<group>"; };
		0349940E2D547EF8004FDDAC /* PicksView.swift */ = {isa = PBXFileReference; lastKnownFileType = sourcecode.swift; path = PicksView.swift; sourceTree = "<group>"; };
		0349940F2D547EF8004FDDAC /* PicksViewModel.swift */ = {isa = PBXFileReference; lastKnownFileType = sourcecode.swift; path = PicksViewModel.swift; sourceTree = "<group>"; };
		034994112D547EF8004FDDAC /* LoginSheetView.swift */ = {isa = PBXFileReference; lastKnownFileType = sourcecode.swift; path = LoginSheetView.swift; sourceTree = "<group>"; };
		034994122D547EF8004FDDAC /* RegisterSheetView.swift */ = {isa = PBXFileReference; lastKnownFileType = sourcecode.swift; path = RegisterSheetView.swift; sourceTree = "<group>"; };
		034994142D547EF8004FDDAC /* SignInView.swift */ = {isa = PBXFileReference; lastKnownFileType = sourcecode.swift; path = SignInView.swift; sourceTree = "<group>"; };
		034994152D547EF8004FDDAC /* SignInViewViewModel.swift */ = {isa = PBXFileReference; lastKnownFileType = sourcecode.swift; path = SignInViewViewModel.swift; sourceTree = "<group>"; };
		034994172D547EF8004FDDAC /* PickitView.swift */ = {isa = PBXFileReference; lastKnownFileType = sourcecode.swift; path = PickitView.swift; sourceTree = "<group>"; };
		034994182D547EF8004FDDAC /* PickitViewViewModel.swift */ = {isa = PBXFileReference; lastKnownFileType = sourcecode.swift; path = PickitViewViewModel.swift; sourceTree = "<group>"; };
		0349941A2D547EF8004FDDAC /* EXTDictionary.swift */ = {isa = PBXFileReference; lastKnownFileType = sourcecode.swift; path = EXTDictionary.swift; sourceTree = "<group>"; };
		0349941B2D547EF8004FDDAC /* EXTPlaceholder.swift */ = {isa = PBXFileReference; lastKnownFileType = sourcecode.swift; path = EXTPlaceholder.swift; sourceTree = "<group>"; };
		0349941D2D547EF8004FDDAC /* Alert.swift */ = {isa = PBXFileReference; lastKnownFileType = sourcecode.swift; path = Alert.swift; sourceTree = "<group>"; };
		0349941E2D547EF8004FDDAC /* PickitError.swift */ = {isa = PBXFileReference; lastKnownFileType = sourcecode.swift; path = PickitError.swift; sourceTree = "<group>"; };
		0349941F2D547EF8004FDDAC /* Ticket.swift */ = {isa = PBXFileReference; lastKnownFileType = sourcecode.swift; path = Ticket.swift; sourceTree = "<group>"; };
		034994202D547EF8004FDDAC /* User.swift */ = {isa = PBXFileReference; lastKnownFileType = sourcecode.swift; path = User.swift; sourceTree = "<group>"; };
		034994222D547EF8004FDDAC /* BackgroundView.swift */ = {isa = PBXFileReference; lastKnownFileType = sourcecode.swift; path = BackgroundView.swift; sourceTree = "<group>"; };
		034994232D547EF8004FDDAC /* BackgroundViewBilling.swift */ = {isa = PBXFileReference; lastKnownFileType = sourcecode.swift; path = BackgroundViewBilling.swift; sourceTree = "<group>"; };
		034994252D547EF8004FDDAC /* AnimatedButton.swift */ = {isa = PBXFileReference; lastKnownFileType = sourcecode.swift; path = AnimatedButton.swift; sourceTree = "<group>"; };
		034994262D547EF8004FDDAC /* NavButton.swift */ = {isa = PBXFileReference; lastKnownFileType = sourcecode.swift; path = NavButton.swift; sourceTree = "<group>"; };
		034994282D547EF8004FDDAC /* FormDisplayView.swift */ = {isa = PBXFileReference; lastKnownFileType = sourcecode.swift; path = FormDisplayView.swift; sourceTree = "<group>"; };
		034994292D547EF8004FDDAC /* FormEntryView.swift */ = {isa = PBXFileReference; lastKnownFileType = sourcecode.swift; path = FormEntryView.swift; sourceTree = "<group>"; };
		0349942A2D547EF8004FDDAC /* TicketEntryView.swift */ = {isa = PBXFileReference; lastKnownFileType = sourcecode.swift; path = TicketEntryView.swift; sourceTree = "<group>"; };
		0349942C2D547EF8004FDDAC /* HeaderView1Section.swift */ = {isa = PBXFileReference; lastKnownFileType = sourcecode.swift; path = HeaderView1Section.swift; sourceTree = "<group>"; };
		0349942D2D547EF8004FDDAC /* HeaderView2Section.swift */ = {isa = PBXFileReference; lastKnownFileType = sourcecode.swift; path = HeaderView2Section.swift; sourceTree = "<group>"; };
		0349942F2D547EF8004FDDAC /* ArbitrageTicketView.swift */ = {isa = PBXFileReference; lastKnownFileType = sourcecode.swift; path = ArbitrageTicketView.swift; sourceTree = "<group>"; };
		034994302D547EF8004FDDAC /* TicketView.swift */ = {isa = PBXFileReference; lastKnownFileType = sourcecode.swift; path = TicketView.swift; sourceTree = "<group>"; };
		034994322D547EF8004FDDAC /* DatePicker.swift */ = {isa = PBXFileReference; lastKnownFileType = sourcecode.swift; path = DatePicker.swift; sourceTree = "<group>"; };
		034994342D547EF8004FDDAC /* NavbarView.swift */ = {isa = PBXFileReference; lastKnownFileType = sourcecode.swift; path = NavbarView.swift; sourceTree = "<group>"; };
		034994362D547EF8004FDDAC /* Assets.xcassets */ = {isa = PBXFileReference; lastKnownFileType = folder.assetcatalog; path = Assets.xcassets; sourceTree = "<group>"; };
		034994372D547EF8004FDDAC /* GoogleService-Info.plist */ = {isa = PBXFileReference; lastKnownFileType = text.plist.xml; path = "GoogleService-Info.plist"; sourceTree = "<group>"; };
		034994382D547EF8004FDDAC /* Info.plist */ = {isa = PBXFileReference; lastKnownFileType = text.plist.xml; path = Info.plist; sourceTree = "<group>"; };
		034994392D547EF8004FDDAC /* PickitApp.swift */ = {isa = PBXFileReference; lastKnownFileType = sourcecode.swift; path = PickitApp.swift; sourceTree = "<group>"; };
		0349946C2D54823E004FDDAC /* AdminViewViewModel.swift */ = {isa = PBXFileReference; lastKnownFileType = sourcecode.swift; path = AdminViewViewModel.swift; sourceTree = "<group>"; };
		0349946E2D548252004FDDAC /* ArbitrageTicketSubViewViewModel.swift */ = {isa = PBXFileReference; lastKnownFileType = sourcecode.swift; path = ArbitrageTicketSubViewViewModel.swift; sourceTree = "<group>"; };
		038DD33A2D59AC19007E4C9A /* TOS.md */ = {isa = PBXFileReference; lastKnownFileType = net.daringfireball.markdown; path = TOS.md; sourceTree = "<group>"; };
		038DD33C2D59C349007E4C9A /* PrivacyPolicy.md */ = {isa = PBXFileReference; lastKnownFileType = net.daringfireball.markdown; path = PrivacyPolicy.md; sourceTree = "<group>"; };
		038DD33E2D59C5AB007E4C9A /* FileReader.swift */ = {isa = PBXFileReference; lastKnownFileType = sourcecode.swift; path = FileReader.swift; sourceTree = "<group>"; };
		0393A25A2D644F6000BECF29 /* SubscribeView.swift */ = {isa = PBXFileReference; lastKnownFileType = sourcecode.swift; path = SubscribeView.swift; sourceTree = "<group>"; };
		039C81E62D5488570038E3E6 /* IdGenerator.swift */ = {isa = PBXFileReference; lastKnownFileType = sourcecode.swift; path = IdGenerator.swift; sourceTree = "<group>"; };
		039C81E92D551E5A0038E3E6 /* TicketSubViewViewModel.swift */ = {isa = PBXFileReference; lastKnownFileType = sourcecode.swift; path = TicketSubViewViewModel.swift; sourceTree = "<group>"; };
		039F10ED2D56A3D600038F70 /* PreviousPicksViewViewModel.swift */ = {isa = PBXFileReference; lastKnownFileType = sourcecode.swift; path = PreviousPicksViewViewModel.swift; sourceTree = "<group>"; };
		039F10F22D57005E00038F70 /* AccountViewViewModel.swift */ = {isa = PBXFileReference; lastKnownFileType = sourcecode.swift; path = AccountViewViewModel.swift; sourceTree = "<group>"; };
		039F10F42D57058300038F70 /* PremiumReqView.swift */ = {isa = PBXFileReference; lastKnownFileType = sourcecode.swift; path = PremiumReqView.swift; sourceTree = "<group>"; };
		039F10FB2D5719A700038F70 /* TOSSheetView.swift */ = {isa = PBXFileReference; lastKnownFileType = sourcecode.swift; path = TOSSheetView.swift; sourceTree = "<group>"; };
		039F10FD2D5719B400038F70 /* PrivacyPolicySheetView.swift */ = {isa = PBXFileReference; lastKnownFileType = sourcecode.swift; path = PrivacyPolicySheetView.swift; sourceTree = "<group>"; };
		039F10FF2D59988F00038F70 /* HeaderViewViewModel.swift */ = {isa = PBXFileReference; lastKnownFileType = sourcecode.swift; path = HeaderViewViewModel.swift; sourceTree = "<group>"; };
		03C697D62CFF95A20010E0EE /* Pickit.app */ = {isa = PBXFileReference; explicitFileType = wrapper.application; includeInIndex = 0; path = Pickit.app; sourceTree = BUILT_PRODUCTS_DIR; };
		03C697E62CFF95A30010E0EE /* PickitTests.xctest */ = {isa = PBXFileReference; explicitFileType = wrapper.cfbundle; includeInIndex = 0; path = PickitTests.xctest; sourceTree = BUILT_PRODUCTS_DIR; };
		03C697F02CFF95A30010E0EE /* PickitUITests.xctest */ = {isa = PBXFileReference; explicitFileType = wrapper.cfbundle; includeInIndex = 0; path = PickitUITests.xctest; sourceTree = BUILT_PRODUCTS_DIR; };
		03F58FA02D73EB0000C758E7 /* ToggleStyle.swift */ = {isa = PBXFileReference; lastKnownFileType = sourcecode.swift; path = ToggleStyle.swift; sourceTree = "<group>"; };
/* End PBXFileReference section */

/* Begin PBXFileSystemSynchronizedRootGroup section */
		03C697E92CFF95A30010E0EE /* PickitTests */ = {
			isa = PBXFileSystemSynchronizedRootGroup;
			path = PickitTests;
			sourceTree = "<group>";
		};
		03C697F32CFF95A30010E0EE /* PickitUITests */ = {
			isa = PBXFileSystemSynchronizedRootGroup;
			path = PickitUITests;
			sourceTree = "<group>";
		};
/* End PBXFileSystemSynchronizedRootGroup section */

/* Begin PBXFrameworksBuildPhase section */
		03C697D32CFF95A20010E0EE /* Frameworks */ = {
			isa = PBXFrameworksBuildPhase;
			buildActionMask = 2147483647;
			files = (
				0349917B2D3CAEBE004FDDAC /* FirebaseAuth in Frameworks */,
				0349917D2D3CAEBE004FDDAC /* FirebaseFirestore in Frameworks */,
			);
			runOnlyForDeploymentPostprocessing = 0;
		};
		03C697E32CFF95A30010E0EE /* Frameworks */ = {
			isa = PBXFrameworksBuildPhase;
			buildActionMask = 2147483647;
			files = (
			);
			runOnlyForDeploymentPostprocessing = 0;
		};
		03C697ED2CFF95A30010E0EE /* Frameworks */ = {
			isa = PBXFrameworksBuildPhase;
			buildActionMask = 2147483647;
			files = (
			);
			runOnlyForDeploymentPostprocessing = 0;
		};
/* End PBXFrameworksBuildPhase section */

/* Begin PBXGroup section */
		034993F62D547EF8004FDDAC /* Fonts */ = {
			isa = PBXGroup;
			children = (
				034993F52D547EF8004FDDAC /* Lexend-VariableFont_wght.ttf */,
			);
			path = Fonts;
			sourceTree = "<group>";
		};
		034993F82D547EF8004FDDAC /* Preview Content */ = {
			isa = PBXGroup;
			children = (
				034993F72D547EF8004FDDAC /* Preview Assets.xcassets */,
			);
			path = "Preview Content";
			sourceTree = "<group>";
		};
		034993FE2D547EF8004FDDAC /* Account */ = {
			isa = PBXGroup;
			children = (
				039F10F62D57185100038F70 /* Sheets */,
				039F10F02D57004200038F70 /* AccountBilling */,
				039F10EF2D57002800038F70 /* AccountInformation */,
				034993F92D547EF8004FDDAC /* AccountView.swift */,
				039F10F22D57005E00038F70 /* AccountViewViewModel.swift */,
			);
			path = Account;
			sourceTree = "<group>";
		};
		034994022D547EF8004FDDAC /* Admin */ = {
			isa = PBXGroup;
			children = (
				039C81E82D551E430038E3E6 /* GameTicketSubmit */,
				034994712D54827D004FDDAC /* AdminView */,
				034994702D548259004FDDAC /* ArbTicketSubmit */,
			);
			path = Admin;
			sourceTree = "<group>";
		};
		034994052D547EF8004FDDAC /* Arbitrage */ = {
			isa = PBXGroup;
			children = (
				034994032D547EF8004FDDAC /* ArbitrageView.swift */,
				034994042D547EF8004FDDAC /* ArbitrageViewModel.swift */,
			);
			path = Arbitrage;
			sourceTree = "<group>";
		};
		0349940A2D547EF8004FDDAC /* Home */ = {
			isa = PBXGroup;
			children = (
				039F10EB2D56A3B000038F70 /* PreviousPicks */,
				034994062D547EF8004FDDAC /* HomeView.swift */,
				034994072D547EF8004FDDAC /* HomeViewModel.swift */,
				034994082D547EF8004FDDAC /* NewsView.swift */,
			);
			path = Home;
			sourceTree = "<group>";
		};
		0349940D2D547EF8004FDDAC /* Other */ = {
			isa = PBXGroup;
			children = (
				0349940B2D547EF8004FDDAC /* ComingSoonView.swift */,
				039F10F42D57058300038F70 /* PremiumReqView.swift */,
				0349940C2D547EF8004FDDAC /* LoadingView.swift */,
			);
			path = Other;
			sourceTree = "<group>";
		};
		034994102D547EF8004FDDAC /* Picks */ = {
			isa = PBXGroup;
			children = (
				0349940E2D547EF8004FDDAC /* PicksView.swift */,
				0349940F2D547EF8004FDDAC /* PicksViewModel.swift */,
			);
			path = Picks;
			sourceTree = "<group>";
		};
		034994132D547EF8004FDDAC /* Sheets */ = {
			isa = PBXGroup;
			children = (
				034994112D547EF8004FDDAC /* LoginSheetView.swift */,
				034994122D547EF8004FDDAC /* RegisterSheetView.swift */,
			);
			path = Sheets;
			sourceTree = "<group>";
		};
		034994162D547EF8004FDDAC /* Sign In */ = {
			isa = PBXGroup;
			children = (
				034994132D547EF8004FDDAC /* Sheets */,
				034994142D547EF8004FDDAC /* SignInView.swift */,
				034994152D547EF8004FDDAC /* SignInViewViewModel.swift */,
			);
			path = "Sign In";
			sourceTree = "<group>";
		};
		034994192D547EF8004FDDAC /* Screens */ = {
			isa = PBXGroup;
			children = (
				034993FE2D547EF8004FDDAC /* Account */,
				034994022D547EF8004FDDAC /* Admin */,
				034994052D547EF8004FDDAC /* Arbitrage */,
				0349940A2D547EF8004FDDAC /* Home */,
				0349940D2D547EF8004FDDAC /* Other */,
				034994102D547EF8004FDDAC /* Picks */,
				034994162D547EF8004FDDAC /* Sign In */,
				034994172D547EF8004FDDAC /* PickitView.swift */,
				034994182D547EF8004FDDAC /* PickitViewViewModel.swift */,
			);
			path = Screens;
			sourceTree = "<group>";
		};
		0349941C2D547EF8004FDDAC /* Extensions */ = {
			isa = PBXGroup;
			children = (
				0349941A2D547EF8004FDDAC /* EXTDictionary.swift */,
				0349941B2D547EF8004FDDAC /* EXTPlaceholder.swift */,
				03F58FA02D73EB0000C758E7 /* ToggleStyle.swift */,
			);
			path = Extensions;
			sourceTree = "<group>";
		};
		034994212D547EF8004FDDAC /* Utilities */ = {
			isa = PBXGroup;
			children = (
				0349941C2D547EF8004FDDAC /* Extensions */,
				0349941D2D547EF8004FDDAC /* Alert.swift */,
				0349941E2D547EF8004FDDAC /* PickitError.swift */,
				0349941F2D547EF8004FDDAC /* Ticket.swift */,
				034994202D547EF8004FDDAC /* User.swift */,
				034994322D547EF8004FDDAC /* DatePicker.swift */,
				039C81E62D5488570038E3E6 /* IdGenerator.swift */,
				038DD33E2D59C5AB007E4C9A /* FileReader.swift */,
			);
			path = Utilities;
			sourceTree = "<group>";
		};
		034994242D547EF8004FDDAC /* Backgrounds */ = {
			isa = PBXGroup;
			children = (
				034994222D547EF8004FDDAC /* BackgroundView.swift */,
				034994232D547EF8004FDDAC /* BackgroundViewBilling.swift */,
			);
			path = Backgrounds;
			sourceTree = "<group>";
		};
		034994272D547EF8004FDDAC /* Buttons */ = {
			isa = PBXGroup;
			children = (
				034994252D547EF8004FDDAC /* AnimatedButton.swift */,
				034994262D547EF8004FDDAC /* NavButton.swift */,
			);
			path = Buttons;
			sourceTree = "<group>";
		};
		0349942B2D547EF8004FDDAC /* Form Entries */ = {
			isa = PBXGroup;
			children = (
				034994282D547EF8004FDDAC /* FormDisplayView.swift */,
				034994292D547EF8004FDDAC /* FormEntryView.swift */,
				0349942A2D547EF8004FDDAC /* TicketEntryView.swift */,
			);
			path = "Form Entries";
			sourceTree = "<group>";
		};
		0349942E2D547EF8004FDDAC /* Headers */ = {
			isa = PBXGroup;
			children = (
				0349942C2D547EF8004FDDAC /* HeaderView1Section.swift */,
				0349942D2D547EF8004FDDAC /* HeaderView2Section.swift */,
				039F10FF2D59988F00038F70 /* HeaderViewViewModel.swift */,
			);
			path = Headers;
			sourceTree = "<group>";
		};
		034994312D547EF8004FDDAC /* Tickets */ = {
			isa = PBXGroup;
			children = (
				0349942F2D547EF8004FDDAC /* ArbitrageTicketView.swift */,
				034994302D547EF8004FDDAC /* TicketView.swift */,
			);
			path = Tickets;
			sourceTree = "<group>";
		};
		034994332D547EF8004FDDAC /* UIKitComponents */ = {
			isa = PBXGroup;
			children = (
			);
			path = UIKitComponents;
			sourceTree = "<group>";
		};
		034994352D547EF8004FDDAC /* Views */ = {
			isa = PBXGroup;
			children = (
				034994242D547EF8004FDDAC /* Backgrounds */,
				034994272D547EF8004FDDAC /* Buttons */,
				0349942B2D547EF8004FDDAC /* Form Entries */,
				0349942E2D547EF8004FDDAC /* Headers */,
				034994312D547EF8004FDDAC /* Tickets */,
				034994332D547EF8004FDDAC /* UIKitComponents */,
				034994342D547EF8004FDDAC /* NavbarView.swift */,
				0393A25A2D644F6000BECF29 /* SubscribeView.swift */,
			);
			path = Views;
			sourceTree = "<group>";
		};
		0349943A2D547EF8004FDDAC /* Pickit */ = {
			isa = PBXGroup;
			children = (
				034993F62D547EF8004FDDAC /* Fonts */,
				034993F82D547EF8004FDDAC /* Preview Content */,
				034994192D547EF8004FDDAC /* Screens */,
				034994212D547EF8004FDDAC /* Utilities */,
				034994352D547EF8004FDDAC /* Views */,
				034994362D547EF8004FDDAC /* Assets.xcassets */,
				034994372D547EF8004FDDAC /* GoogleService-Info.plist */,
				034994382D547EF8004FDDAC /* Info.plist */,
				034994392D547EF8004FDDAC /* PickitApp.swift */,
				038DD33C2D59C349007E4C9A /* PrivacyPolicy.md */,
				038DD33A2D59AC19007E4C9A /* TOS.md */,
			);
			path = Pickit;
			sourceTree = "<group>";
		};
		034994702D548259004FDDAC /* ArbTicketSubmit */ = {
			isa = PBXGroup;
			children = (
				034994002D547EF8004FDDAC /* ArbitrageTicketSubView.swift */,
				0349946E2D548252004FDDAC /* ArbitrageTicketSubViewViewModel.swift */,
			);
			path = ArbTicketSubmit;
			sourceTree = "<group>";
		};
		034994712D54827D004FDDAC /* AdminView */ = {
			isa = PBXGroup;
			children = (
				034993FF2D547EF8004FDDAC /* AdminView.swift */,
				0349946C2D54823E004FDDAC /* AdminViewViewModel.swift */,
			);
			path = AdminView;
			sourceTree = "<group>";
		};
		039C81E82D551E430038E3E6 /* GameTicketSubmit */ = {
			isa = PBXGroup;
			children = (
				034994012D547EF8004FDDAC /* TicketSubView.swift */,
				039C81E92D551E5A0038E3E6 /* TicketSubViewViewModel.swift */,
			);
			path = GameTicketSubmit;
			sourceTree = "<group>";
		};
		039F10EB2D56A3B000038F70 /* PreviousPicks */ = {
			isa = PBXGroup;
			children = (
				034994092D547EF8004FDDAC /* PreviousPicksView.swift */,
				039F10ED2D56A3D600038F70 /* PreviousPicksViewViewModel.swift */,
			);
			path = PreviousPicks;
			sourceTree = "<group>";
		};
		039F10EF2D57002800038F70 /* AccountInformation */ = {
			isa = PBXGroup;
			children = (
				034993FC2D547EF8004FDDAC /* AccountViewInformation.swift */,
				034993FD2D547EF8004FDDAC /* AccountViewInformationViewModel.swift */,
			);
			path = AccountInformation;
			sourceTree = "<group>";
		};
		039F10F02D57004200038F70 /* AccountBilling */ = {
			isa = PBXGroup;
			children = (
				034993FA2D547EF8004FDDAC /* AccountViewBilling.swift */,
				034993FB2D547EF8004FDDAC /* AccountViewBillingViewModel.swift */,
			);
			path = AccountBilling;
			sourceTree = "<group>";
		};
		039F10F62D57185100038F70 /* Sheets */ = {
			isa = PBXGroup;
			children = (
				039F10FB2D5719A700038F70 /* TOSSheetView.swift */,
				039F10FD2D5719B400038F70 /* PrivacyPolicySheetView.swift */,
			);
			path = Sheets;
			sourceTree = "<group>";
		};
		03C697CD2CFF95A20010E0EE = {
			isa = PBXGroup;
			children = (
				0349943A2D547EF8004FDDAC /* Pickit */,
				03C697E92CFF95A30010E0EE /* PickitTests */,
				03C697F32CFF95A30010E0EE /* PickitUITests */,
				03C697D72CFF95A20010E0EE /* Products */,
			);
			sourceTree = "<group>";
		};
		03C697D72CFF95A20010E0EE /* Products */ = {
			isa = PBXGroup;
			children = (
				03C697D62CFF95A20010E0EE /* Pickit.app */,
				03C697E62CFF95A30010E0EE /* PickitTests.xctest */,
				03C697F02CFF95A30010E0EE /* PickitUITests.xctest */,
			);
			name = Products;
			sourceTree = "<group>";
		};
/* End PBXGroup section */

/* Begin PBXNativeTarget section */
		03C697D52CFF95A20010E0EE /* Pickit */ = {
			isa = PBXNativeTarget;
			buildConfigurationList = 03C697FA2CFF95A30010E0EE /* Build configuration list for PBXNativeTarget "Pickit" */;
			buildPhases = (
				03C697D22CFF95A20010E0EE /* Sources */,
				03C697D32CFF95A20010E0EE /* Frameworks */,
				03C697D42CFF95A20010E0EE /* Resources */,
			);
			buildRules = (
			);
			dependencies = (
			);
			name = Pickit;
			packageProductDependencies = (
				0349917A2D3CAEBE004FDDAC /* FirebaseAuth */,
				0349917C2D3CAEBE004FDDAC /* FirebaseFirestore */,
			);
			productName = Pickit;
			productReference = 03C697D62CFF95A20010E0EE /* Pickit.app */;
			productType = "com.apple.product-type.application";
		};
		03C697E52CFF95A30010E0EE /* PickitTests */ = {
			isa = PBXNativeTarget;
			buildConfigurationList = 03C697FD2CFF95A30010E0EE /* Build configuration list for PBXNativeTarget "PickitTests" */;
			buildPhases = (
				03C697E22CFF95A30010E0EE /* Sources */,
				03C697E32CFF95A30010E0EE /* Frameworks */,
				03C697E42CFF95A30010E0EE /* Resources */,
			);
			buildRules = (
			);
			dependencies = (
				03C697E82CFF95A30010E0EE /* PBXTargetDependency */,
			);
			fileSystemSynchronizedGroups = (
				03C697E92CFF95A30010E0EE /* PickitTests */,
			);
			name = PickitTests;
			packageProductDependencies = (
			);
			productName = PickitTests;
			productReference = 03C697E62CFF95A30010E0EE /* PickitTests.xctest */;
			productType = "com.apple.product-type.bundle.unit-test";
		};
		03C697EF2CFF95A30010E0EE /* PickitUITests */ = {
			isa = PBXNativeTarget;
			buildConfigurationList = 03C698002CFF95A30010E0EE /* Build configuration list for PBXNativeTarget "PickitUITests" */;
			buildPhases = (
				03C697EC2CFF95A30010E0EE /* Sources */,
				03C697ED2CFF95A30010E0EE /* Frameworks */,
				03C697EE2CFF95A30010E0EE /* Resources */,
			);
			buildRules = (
			);
			dependencies = (
				03C697F22CFF95A30010E0EE /* PBXTargetDependency */,
			);
			fileSystemSynchronizedGroups = (
				03C697F32CFF95A30010E0EE /* PickitUITests */,
			);
			name = PickitUITests;
			packageProductDependencies = (
			);
			productName = PickitUITests;
			productReference = 03C697F02CFF95A30010E0EE /* PickitUITests.xctest */;
			productType = "com.apple.product-type.bundle.ui-testing";
		};
/* End PBXNativeTarget section */

/* Begin PBXProject section */
		03C697CE2CFF95A20010E0EE /* Project object */ = {
			isa = PBXProject;
			attributes = {
				BuildIndependentTargetsInParallel = 1;
				LastSwiftUpdateCheck = 1610;
				LastUpgradeCheck = 1610;
				TargetAttributes = {
					03C697D52CFF95A20010E0EE = {
						CreatedOnToolsVersion = 16.1;
					};
					03C697E52CFF95A30010E0EE = {
						CreatedOnToolsVersion = 16.1;
						TestTargetID = 03C697D52CFF95A20010E0EE;
					};
					03C697EF2CFF95A30010E0EE = {
						CreatedOnToolsVersion = 16.1;
						TestTargetID = 03C697D52CFF95A20010E0EE;
					};
				};
			};
			buildConfigurationList = 03C697D12CFF95A20010E0EE /* Build configuration list for PBXProject "Pickit" */;
			developmentRegion = en;
			hasScannedForEncodings = 0;
			knownRegions = (
				en,
				Base,
			);
			mainGroup = 03C697CD2CFF95A20010E0EE;
			minimizedProjectReferenceProxies = 1;
			packageReferences = (
				034991792D3CAEBE004FDDAC /* XCRemoteSwiftPackageReference "firebase-ios-sdk" */,
			);
			preferredProjectObjectVersion = 77;
			productRefGroup = 03C697D72CFF95A20010E0EE /* Products */;
			projectDirPath = "";
			projectRoot = "";
			targets = (
				03C697D52CFF95A20010E0EE /* Pickit */,
				03C697E52CFF95A30010E0EE /* PickitTests */,
				03C697EF2CFF95A30010E0EE /* PickitUITests */,
			);
		};
/* End PBXProject section */

/* Begin PBXResourcesBuildPhase section */
		03C697D42CFF95A20010E0EE /* Resources */ = {
			isa = PBXResourcesBuildPhase;
			buildActionMask = 2147483647;
			files = (
				038DD33B2D59AC19007E4C9A /* TOS.md in Resources */,
				0349943B2D547EF8004FDDAC /* Lexend-VariableFont_wght.ttf in Resources */,
				0349943C2D547EF8004FDDAC /* Preview Assets.xcassets in Resources */,
				038DD33D2D59C349007E4C9A /* PrivacyPolicy.md in Resources */,
				0349943D2D547EF8004FDDAC /* Assets.xcassets in Resources */,
				0349943E2D547EF8004FDDAC /* GoogleService-Info.plist in Resources */,
			);
			runOnlyForDeploymentPostprocessing = 0;
		};
		03C697E42CFF95A30010E0EE /* Resources */ = {
			isa = PBXResourcesBuildPhase;
			buildActionMask = 2147483647;
			files = (
			);
			runOnlyForDeploymentPostprocessing = 0;
		};
		03C697EE2CFF95A30010E0EE /* Resources */ = {
			isa = PBXResourcesBuildPhase;
			buildActionMask = 2147483647;
			files = (
			);
			runOnlyForDeploymentPostprocessing = 0;
		};
/* End PBXResourcesBuildPhase section */

/* Begin PBXSourcesBuildPhase section */
		03C697D22CFF95A20010E0EE /* Sources */ = {
			isa = PBXSourcesBuildPhase;
			buildActionMask = 2147483647;
			files = (
				0349946F2D548252004FDDAC /* ArbitrageTicketSubViewViewModel.swift in Sources */,
				034994402D547EF8004FDDAC /* AccountView.swift in Sources */,
				034994412D547EF8004FDDAC /* AccountViewBilling.swift in Sources */,
				039F10F32D57005E00038F70 /* AccountViewViewModel.swift in Sources */,
				034994422D547EF8004FDDAC /* AccountViewBillingViewModel.swift in Sources */,
				034994432D547EF8004FDDAC /* AccountViewInformation.swift in Sources */,
				034994442D547EF8004FDDAC /* AccountViewInformationViewModel.swift in Sources */,
				039F10F52D57058300038F70 /* PremiumReqView.swift in Sources */,
				034994452D547EF8004FDDAC /* AdminView.swift in Sources */,
				0349946D2D54823E004FDDAC /* AdminViewViewModel.swift in Sources */,
				034994462D547EF8004FDDAC /* ArbitrageTicketSubView.swift in Sources */,
				034994472D547EF8004FDDAC /* TicketSubView.swift in Sources */,
				034994482D547EF8004FDDAC /* ArbitrageView.swift in Sources */,
				034994492D547EF8004FDDAC /* ArbitrageViewModel.swift in Sources */,
				039C81EA2D551E5A0038E3E6 /* TicketSubViewViewModel.swift in Sources */,
				0349944A2D547EF8004FDDAC /* HomeView.swift in Sources */,
				038DD33F2D59C5AB007E4C9A /* FileReader.swift in Sources */,
				0349944B2D547EF8004FDDAC /* HomeViewModel.swift in Sources */,
				0349944C2D547EF8004FDDAC /* NewsView.swift in Sources */,
				0349944D2D547EF8004FDDAC /* PreviousPicksView.swift in Sources */,
				0349944E2D547EF8004FDDAC /* ComingSoonView.swift in Sources */,
				0349944F2D547EF8004FDDAC /* LoadingView.swift in Sources */,
				034994502D547EF8004FDDAC /* PicksView.swift in Sources */,
				039F10FE2D5719B400038F70 /* PrivacyPolicySheetView.swift in Sources */,
				034994512D547EF8004FDDAC /* PicksViewModel.swift in Sources */,
				039F11002D59988F00038F70 /* HeaderViewViewModel.swift in Sources */,
				034994522D547EF8004FDDAC /* LoginSheetView.swift in Sources */,
				034994532D547EF8004FDDAC /* RegisterSheetView.swift in Sources */,
				034994542D547EF8004FDDAC /* SignInView.swift in Sources */,
				034994552D547EF8004FDDAC /* SignInViewViewModel.swift in Sources */,
				039F10EE2D56A3D600038F70 /* PreviousPicksViewViewModel.swift in Sources */,
				039F10FC2D5719A700038F70 /* TOSSheetView.swift in Sources */,
				034994562D547EF8004FDDAC /* PickitView.swift in Sources */,
				034994572D547EF8004FDDAC /* PickitViewViewModel.swift in Sources */,
				034994582D547EF8004FDDAC /* EXTDictionary.swift in Sources */,
				034994592D547EF8004FDDAC /* EXTPlaceholder.swift in Sources */,
				0349945A2D547EF8004FDDAC /* Alert.swift in Sources */,
				0349945B2D547EF8004FDDAC /* PickitError.swift in Sources */,
				0349945C2D547EF8004FDDAC /* Ticket.swift in Sources */,
				0349945D2D547EF8004FDDAC /* User.swift in Sources */,
				0349945E2D547EF8004FDDAC /* BackgroundView.swift in Sources */,
				0349945F2D547EF8004FDDAC /* BackgroundViewBilling.swift in Sources */,
				034994602D547EF8004FDDAC /* AnimatedButton.swift in Sources */,
				03F58FA12D73EB0000C758E7 /* ToggleStyle.swift in Sources */,
				0393A25B2D644F6000BECF29 /* SubscribeView.swift in Sources */,
				039C81E72D5488570038E3E6 /* IdGenerator.swift in Sources */,
				034994612D547EF8004FDDAC /* NavButton.swift in Sources */,
				034994622D547EF8004FDDAC /* FormDisplayView.swift in Sources */,
				034994632D547EF8004FDDAC /* FormEntryView.swift in Sources */,
				034994642D547EF8004FDDAC /* TicketEntryView.swift in Sources */,
				034994652D547EF8004FDDAC /* HeaderView1Section.swift in Sources */,
				034994662D547EF8004FDDAC /* HeaderView2Section.swift in Sources */,
				034994672D547EF8004FDDAC /* ArbitrageTicketView.swift in Sources */,
				034994682D547EF8004FDDAC /* TicketView.swift in Sources */,
				034994692D547EF8004FDDAC /* DatePicker.swift in Sources */,
				0349946A2D547EF8004FDDAC /* NavbarView.swift in Sources */,
				0349946B2D547EF8004FDDAC /* PickitApp.swift in Sources */,
			);
			runOnlyForDeploymentPostprocessing = 0;
		};
		03C697E22CFF95A30010E0EE /* Sources */ = {
			isa = PBXSourcesBuildPhase;
			buildActionMask = 2147483647;
			files = (
			);
			runOnlyForDeploymentPostprocessing = 0;
		};
		03C697EC2CFF95A30010E0EE /* Sources */ = {
			isa = PBXSourcesBuildPhase;
			buildActionMask = 2147483647;
			files = (
			);
			runOnlyForDeploymentPostprocessing = 0;
		};
/* End PBXSourcesBuildPhase section */

/* Begin PBXTargetDependency section */
		03C697E82CFF95A30010E0EE /* PBXTargetDependency */ = {
			isa = PBXTargetDependency;
			target = 03C697D52CFF95A20010E0EE /* Pickit */;
			targetProxy = 03C697E72CFF95A30010E0EE /* PBXContainerItemProxy */;
		};
		03C697F22CFF95A30010E0EE /* PBXTargetDependency */ = {
			isa = PBXTargetDependency;
			target = 03C697D52CFF95A20010E0EE /* Pickit */;
			targetProxy = 03C697F12CFF95A30010E0EE /* PBXContainerItemProxy */;
		};
/* End PBXTargetDependency section */

/* Begin XCBuildConfiguration section */
		03C697F82CFF95A30010E0EE /* Debug */ = {
			isa = XCBuildConfiguration;
			buildSettings = {
				ALWAYS_SEARCH_USER_PATHS = NO;
				ASSETCATALOG_COMPILER_GENERATE_SWIFT_ASSET_SYMBOL_EXTENSIONS = YES;
				CLANG_ANALYZER_NONNULL = YES;
				CLANG_ANALYZER_NUMBER_OBJECT_CONVERSION = YES_AGGRESSIVE;
				CLANG_CXX_LANGUAGE_STANDARD = "gnu++20";
				CLANG_ENABLE_MODULES = YES;
				CLANG_ENABLE_OBJC_ARC = YES;
				CLANG_ENABLE_OBJC_WEAK = YES;
				CLANG_WARN_BLOCK_CAPTURE_AUTORELEASING = YES;
				CLANG_WARN_BOOL_CONVERSION = YES;
				CLANG_WARN_COMMA = YES;
				CLANG_WARN_CONSTANT_CONVERSION = YES;
				CLANG_WARN_DEPRECATED_OBJC_IMPLEMENTATIONS = YES;
				CLANG_WARN_DIRECT_OBJC_ISA_USAGE = YES_ERROR;
				CLANG_WARN_DOCUMENTATION_COMMENTS = YES;
				CLANG_WARN_EMPTY_BODY = YES;
				CLANG_WARN_ENUM_CONVERSION = YES;
				CLANG_WARN_INFINITE_RECURSION = YES;
				CLANG_WARN_INT_CONVERSION = YES;
				CLANG_WARN_NON_LITERAL_NULL_CONVERSION = YES;
				CLANG_WARN_OBJC_IMPLICIT_RETAIN_SELF = YES;
				CLANG_WARN_OBJC_LITERAL_CONVERSION = YES;
				CLANG_WARN_OBJC_ROOT_CLASS = YES_ERROR;
				CLANG_WARN_QUOTED_INCLUDE_IN_FRAMEWORK_HEADER = YES;
				CLANG_WARN_RANGE_LOOP_ANALYSIS = YES;
				CLANG_WARN_STRICT_PROTOTYPES = YES;
				CLANG_WARN_SUSPICIOUS_MOVE = YES;
				CLANG_WARN_UNGUARDED_AVAILABILITY = YES_AGGRESSIVE;
				CLANG_WARN_UNREACHABLE_CODE = YES;
				CLANG_WARN__DUPLICATE_METHOD_MATCH = YES;
				COPY_PHASE_STRIP = NO;
				DEBUG_INFORMATION_FORMAT = dwarf;
				ENABLE_STRICT_OBJC_MSGSEND = YES;
				ENABLE_TESTABILITY = YES;
				ENABLE_USER_SCRIPT_SANDBOXING = YES;
				GCC_C_LANGUAGE_STANDARD = gnu17;
				GCC_DYNAMIC_NO_PIC = NO;
				GCC_NO_COMMON_BLOCKS = YES;
				GCC_OPTIMIZATION_LEVEL = 0;
				GCC_PREPROCESSOR_DEFINITIONS = (
					"DEBUG=1",
					"$(inherited)",
				);
				GCC_WARN_64_TO_32_BIT_CONVERSION = YES;
				GCC_WARN_ABOUT_RETURN_TYPE = YES_ERROR;
				GCC_WARN_UNDECLARED_SELECTOR = YES;
				GCC_WARN_UNINITIALIZED_AUTOS = YES_AGGRESSIVE;
				GCC_WARN_UNUSED_FUNCTION = YES;
				GCC_WARN_UNUSED_VARIABLE = YES;
				IPHONEOS_DEPLOYMENT_TARGET = 18.1;
				LOCALIZATION_PREFERS_STRING_CATALOGS = YES;
				MTL_ENABLE_DEBUG_INFO = INCLUDE_SOURCE;
				MTL_FAST_MATH = YES;
				ONLY_ACTIVE_ARCH = YES;
				SDKROOT = iphoneos;
				SWIFT_ACTIVE_COMPILATION_CONDITIONS = "DEBUG $(inherited)";
				SWIFT_OPTIMIZATION_LEVEL = "-Onone";
			};
			name = Debug;
		};
		03C697F92CFF95A30010E0EE /* Release */ = {
			isa = XCBuildConfiguration;
			buildSettings = {
				ALWAYS_SEARCH_USER_PATHS = NO;
				ASSETCATALOG_COMPILER_GENERATE_SWIFT_ASSET_SYMBOL_EXTENSIONS = YES;
				CLANG_ANALYZER_NONNULL = YES;
				CLANG_ANALYZER_NUMBER_OBJECT_CONVERSION = YES_AGGRESSIVE;
				CLANG_CXX_LANGUAGE_STANDARD = "gnu++20";
				CLANG_ENABLE_MODULES = YES;
				CLANG_ENABLE_OBJC_ARC = YES;
				CLANG_ENABLE_OBJC_WEAK = YES;
				CLANG_WARN_BLOCK_CAPTURE_AUTORELEASING = YES;
				CLANG_WARN_BOOL_CONVERSION = YES;
				CLANG_WARN_COMMA = YES;
				CLANG_WARN_CONSTANT_CONVERSION = YES;
				CLANG_WARN_DEPRECATED_OBJC_IMPLEMENTATIONS = YES;
				CLANG_WARN_DIRECT_OBJC_ISA_USAGE = YES_ERROR;
				CLANG_WARN_DOCUMENTATION_COMMENTS = YES;
				CLANG_WARN_EMPTY_BODY = YES;
				CLANG_WARN_ENUM_CONVERSION = YES;
				CLANG_WARN_INFINITE_RECURSION = YES;
				CLANG_WARN_INT_CONVERSION = YES;
				CLANG_WARN_NON_LITERAL_NULL_CONVERSION = YES;
				CLANG_WARN_OBJC_IMPLICIT_RETAIN_SELF = YES;
				CLANG_WARN_OBJC_LITERAL_CONVERSION = YES;
				CLANG_WARN_OBJC_ROOT_CLASS = YES_ERROR;
				CLANG_WARN_QUOTED_INCLUDE_IN_FRAMEWORK_HEADER = YES;
				CLANG_WARN_RANGE_LOOP_ANALYSIS = YES;
				CLANG_WARN_STRICT_PROTOTYPES = YES;
				CLANG_WARN_SUSPICIOUS_MOVE = YES;
				CLANG_WARN_UNGUARDED_AVAILABILITY = YES_AGGRESSIVE;
				CLANG_WARN_UNREACHABLE_CODE = YES;
				CLANG_WARN__DUPLICATE_METHOD_MATCH = YES;
				COPY_PHASE_STRIP = NO;
				DEBUG_INFORMATION_FORMAT = "dwarf-with-dsym";
				ENABLE_NS_ASSERTIONS = NO;
				ENABLE_STRICT_OBJC_MSGSEND = YES;
				ENABLE_USER_SCRIPT_SANDBOXING = YES;
				GCC_C_LANGUAGE_STANDARD = gnu17;
				GCC_NO_COMMON_BLOCKS = YES;
				GCC_WARN_64_TO_32_BIT_CONVERSION = YES;
				GCC_WARN_ABOUT_RETURN_TYPE = YES_ERROR;
				GCC_WARN_UNDECLARED_SELECTOR = YES;
				GCC_WARN_UNINITIALIZED_AUTOS = YES_AGGRESSIVE;
				GCC_WARN_UNUSED_FUNCTION = YES;
				GCC_WARN_UNUSED_VARIABLE = YES;
				IPHONEOS_DEPLOYMENT_TARGET = 18.1;
				LOCALIZATION_PREFERS_STRING_CATALOGS = YES;
				MTL_ENABLE_DEBUG_INFO = NO;
				MTL_FAST_MATH = YES;
				SDKROOT = iphoneos;
				SWIFT_COMPILATION_MODE = wholemodule;
				VALIDATE_PRODUCT = YES;
			};
			name = Release;
		};
		03C697FB2CFF95A30010E0EE /* Debug */ = {
			isa = XCBuildConfiguration;
			buildSettings = {
				ASSETCATALOG_COMPILER_APPICON_NAME = AppIcon;
				ASSETCATALOG_COMPILER_GLOBAL_ACCENT_COLOR_NAME = AccentColor;
				CODE_SIGN_STYLE = Automatic;
				CURRENT_PROJECT_VERSION = 1;
				DEVELOPMENT_ASSET_PATHS = "\"Pickit/Preview Content\"";
				DEVELOPMENT_TEAM = 6WN57N26SG;
				ENABLE_PREVIEWS = YES;
				GENERATE_INFOPLIST_FILE = YES;
				INFOPLIST_FILE = Pickit/Info.plist;
				INFOPLIST_KEY_UIApplicationSceneManifest_Generation = YES;
				INFOPLIST_KEY_UIApplicationSupportsIndirectInputEvents = YES;
				INFOPLIST_KEY_UILaunchScreen_Generation = YES;
				INFOPLIST_KEY_UISupportedInterfaceOrientations = UIInterfaceOrientationPortrait;
				LD_RUNPATH_SEARCH_PATHS = (
					"$(inherited)",
					"@executable_path/Frameworks",
				);
				MARKETING_VERSION = 1.0;
				PRODUCT_BUNDLE_IDENTIFIER = com.cadelsaszik.Pickit;
				PRODUCT_NAME = "$(TARGET_NAME)";
				SWIFT_EMIT_LOC_STRINGS = YES;
				SWIFT_VERSION = 5.0;
				TARGETED_DEVICE_FAMILY = "1,2";
			};
			name = Debug;
		};
		03C697FC2CFF95A30010E0EE /* Release */ = {
			isa = XCBuildConfiguration;
			buildSettings = {
				ASSETCATALOG_COMPILER_APPICON_NAME = AppIcon;
				ASSETCATALOG_COMPILER_GLOBAL_ACCENT_COLOR_NAME = AccentColor;
				CODE_SIGN_STYLE = Automatic;
				CURRENT_PROJECT_VERSION = 1;
				DEVELOPMENT_ASSET_PATHS = "\"Pickit/Preview Content\"";
				DEVELOPMENT_TEAM = 6WN57N26SG;
				ENABLE_PREVIEWS = YES;
				GENERATE_INFOPLIST_FILE = YES;
				INFOPLIST_FILE = Pickit/Info.plist;
				INFOPLIST_KEY_UIApplicationSceneManifest_Generation = YES;
				INFOPLIST_KEY_UIApplicationSupportsIndirectInputEvents = YES;
				INFOPLIST_KEY_UILaunchScreen_Generation = YES;
				INFOPLIST_KEY_UISupportedInterfaceOrientations = UIInterfaceOrientationPortrait;
				LD_RUNPATH_SEARCH_PATHS = (
					"$(inherited)",
					"@executable_path/Frameworks",
				);
				MARKETING_VERSION = 1.0;
				PRODUCT_BUNDLE_IDENTIFIER = com.cadelsaszik.Pickit;
				PRODUCT_NAME = "$(TARGET_NAME)";
				SWIFT_EMIT_LOC_STRINGS = YES;
				SWIFT_VERSION = 5.0;
				TARGETED_DEVICE_FAMILY = "1,2";
			};
			name = Release;
		};
		03C697FE2CFF95A30010E0EE /* Debug */ = {
			isa = XCBuildConfiguration;
			buildSettings = {
				BUNDLE_LOADER = "$(TEST_HOST)";
				CODE_SIGN_STYLE = Automatic;
				CURRENT_PROJECT_VERSION = 1;
				DEVELOPMENT_TEAM = 6WN57N26SG;
				GENERATE_INFOPLIST_FILE = YES;
				IPHONEOS_DEPLOYMENT_TARGET = 18.1;
				MARKETING_VERSION = 1.0;
				PRODUCT_BUNDLE_IDENTIFIER = com.cadelsaszik.PickitTests;
				PRODUCT_NAME = "$(TARGET_NAME)";
				SWIFT_EMIT_LOC_STRINGS = NO;
				SWIFT_VERSION = 5.0;
				TARGETED_DEVICE_FAMILY = "1,2";
				TEST_HOST = "$(BUILT_PRODUCTS_DIR)/Pickit.app/$(BUNDLE_EXECUTABLE_FOLDER_PATH)/Pickit";
			};
			name = Debug;
		};
		03C697FF2CFF95A30010E0EE /* Release */ = {
			isa = XCBuildConfiguration;
			buildSettings = {
				BUNDLE_LOADER = "$(TEST_HOST)";
				CODE_SIGN_STYLE = Automatic;
				CURRENT_PROJECT_VERSION = 1;
				DEVELOPMENT_TEAM = 6WN57N26SG;
				GENERATE_INFOPLIST_FILE = YES;
				IPHONEOS_DEPLOYMENT_TARGET = 18.1;
				MARKETING_VERSION = 1.0;
				PRODUCT_BUNDLE_IDENTIFIER = com.cadelsaszik.PickitTests;
				PRODUCT_NAME = "$(TARGET_NAME)";
				SWIFT_EMIT_LOC_STRINGS = NO;
				SWIFT_VERSION = 5.0;
				TARGETED_DEVICE_FAMILY = "1,2";
				TEST_HOST = "$(BUILT_PRODUCTS_DIR)/Pickit.app/$(BUNDLE_EXECUTABLE_FOLDER_PATH)/Pickit";
			};
			name = Release;
		};
		03C698012CFF95A30010E0EE /* Debug */ = {
			isa = XCBuildConfiguration;
			buildSettings = {
				CODE_SIGN_STYLE = Automatic;
				CURRENT_PROJECT_VERSION = 1;
				DEVELOPMENT_TEAM = 6WN57N26SG;
				GENERATE_INFOPLIST_FILE = YES;
				MARKETING_VERSION = 1.0;
				PRODUCT_BUNDLE_IDENTIFIER = com.cadelsaszik.PickitUITests;
				PRODUCT_NAME = "$(TARGET_NAME)";
				SWIFT_EMIT_LOC_STRINGS = NO;
				SWIFT_VERSION = 5.0;
				TARGETED_DEVICE_FAMILY = "1,2";
				TEST_TARGET_NAME = Pickit;
			};
			name = Debug;
		};
		03C698022CFF95A30010E0EE /* Release */ = {
			isa = XCBuildConfiguration;
			buildSettings = {
				CODE_SIGN_STYLE = Automatic;
				CURRENT_PROJECT_VERSION = 1;
				DEVELOPMENT_TEAM = 6WN57N26SG;
				GENERATE_INFOPLIST_FILE = YES;
				MARKETING_VERSION = 1.0;
				PRODUCT_BUNDLE_IDENTIFIER = com.cadelsaszik.PickitUITests;
				PRODUCT_NAME = "$(TARGET_NAME)";
				SWIFT_EMIT_LOC_STRINGS = NO;
				SWIFT_VERSION = 5.0;
				TARGETED_DEVICE_FAMILY = "1,2";
				TEST_TARGET_NAME = Pickit;
			};
			name = Release;
		};
/* End XCBuildConfiguration section */

/* Begin XCConfigurationList section */
		03C697D12CFF95A20010E0EE /* Build configuration list for PBXProject "Pickit" */ = {
			isa = XCConfigurationList;
			buildConfigurations = (
				03C697F82CFF95A30010E0EE /* Debug */,
				03C697F92CFF95A30010E0EE /* Release */,
			);
			defaultConfigurationIsVisible = 0;
			defaultConfigurationName = Release;
		};
		03C697FA2CFF95A30010E0EE /* Build configuration list for PBXNativeTarget "Pickit" */ = {
			isa = XCConfigurationList;
			buildConfigurations = (
				03C697FB2CFF95A30010E0EE /* Debug */,
				03C697FC2CFF95A30010E0EE /* Release */,
			);
			defaultConfigurationIsVisible = 0;
			defaultConfigurationName = Release;
		};
		03C697FD2CFF95A30010E0EE /* Build configuration list for PBXNativeTarget "PickitTests" */ = {
			isa = XCConfigurationList;
			buildConfigurations = (
				03C697FE2CFF95A30010E0EE /* Debug */,
				03C697FF2CFF95A30010E0EE /* Release */,
			);
			defaultConfigurationIsVisible = 0;
			defaultConfigurationName = Release;
		};
		03C698002CFF95A30010E0EE /* Build configuration list for PBXNativeTarget "PickitUITests" */ = {
			isa = XCConfigurationList;
			buildConfigurations = (
				03C698012CFF95A30010E0EE /* Debug */,
				03C698022CFF95A30010E0EE /* Release */,
			);
			defaultConfigurationIsVisible = 0;
			defaultConfigurationName = Release;
		};
/* End XCConfigurationList section */

/* Begin XCRemoteSwiftPackageReference section */
		034991792D3CAEBE004FDDAC /* XCRemoteSwiftPackageReference "firebase-ios-sdk" */ = {
			isa = XCRemoteSwiftPackageReference;
			repositoryURL = "https://github.com/firebase/firebase-ios-sdk.git";
			requirement = {
				kind = upToNextMajorVersion;
				minimumVersion = 11.7.0;
			};
		};
/* End XCRemoteSwiftPackageReference section */

/* Begin XCSwiftPackageProductDependency section */
		0349917A2D3CAEBE004FDDAC /* FirebaseAuth */ = {
			isa = XCSwiftPackageProductDependency;
			package = 034991792D3CAEBE004FDDAC /* XCRemoteSwiftPackageReference "firebase-ios-sdk" */;
			productName = FirebaseAuth;
		};
		0349917C2D3CAEBE004FDDAC /* FirebaseFirestore */ = {
			isa = XCSwiftPackageProductDependency;
			package = 034991792D3CAEBE004FDDAC /* XCRemoteSwiftPackageReference "firebase-ios-sdk" */;
			productName = FirebaseFirestore;
		};
/* End XCSwiftPackageProductDependency section */
	};
	rootObject = 03C697CE2CFF95A20010E0EE /* Project object */;
}
